
Microsoft Visual Studio Solution File, Format Version 12.00
# Visual Studio 15
VisualStudioVersion = 15.0.27428.1
MinimumVisualStudioVersion = 10.0.40219.1
Project("{FAE04EC0-301F-11D3-BF4B-00C04F79EFBC}") = "UltraHardcoreAssistent.Bot", "UltraHardcoreAssistent.Bot\UltraHardcoreAssistent.Bot.csproj", "{7A5E0F82-F15A-4239-8C11-886685EF90C3}"
EndProject
Project("{FAE04EC0-301F-11D3-BF4B-00C04F79EFBC}") = "UltraHardcoreAssistent.UI", "UltraHardcoreAssistent.UI\UltraHardcoreAssistent.UI.csproj", "{9A529316-4ECE-4A24-A9E0-E5610BB96593}"
EndProject
Global
	GlobalSection(SolutionConfigurationPlatforms) = preSolution
		Debug|Any CPU = Debug|Any CPU
		Release|Any CPU = Release|Any CPU
	EndGlobalSection
	GlobalSection(ProjectConfigurationPlatforms) = postSolution
		{7A5E0F82-F15A-4239-8C11-886685EF90C3}.Debug|Any CPU.ActiveCfg = Debug|Any CPU
		{7A5E0F82-F15A-4239-8C11-886685EF90C3}.Debug|Any CPU.Build.0 = Debug|Any CPU
		{7A5E0F82-F15A-4239-8C11-886685EF90C3}.Release|Any CPU.ActiveCfg = Release|Any CPU
		{7A5E0F82-F15A-4239-8C11-886685EF90C3}.Release|Any CPU.Build.0 = Release|Any CPU
		{9A529316-4ECE-4A24-A9E0-E5610BB96593}.Debug|Any CPU.ActiveCfg = Debug|Any CPU
		{9A529316-4ECE-4A24-A9E0-E5610BB96593}.Debug|Any CPU.Build.0 = Debug|Any CPU
		{9A529316-4ECE-4A24-A9E0-E5610BB96593}.Release|Any CPU.ActiveCfg = Release|Any CPU
		{9A529316-4ECE-4A24-A9E0-E5610BB96593}.Release|Any CPU.Build.0 = Release|Any CPU
	EndGlobalSection
	GlobalSection(SolutionProperties) = preSolution
		HideSolutionNode = FALSE
	EndGlobalSection
	GlobalSection(ExtensibilityGlobals) = postSolution
		SolutionGuid = {99F97294-F7A0-4BBA-9FD1-A669FDA7A44C}
	EndGlobalSection
EndGlobal
